
Microsoft Visual Studio Solution File, Format Version 12.00
# Visual Studio Version 17
VisualStudioVersion = 17.4.33403.182
MinimumVisualStudioVersion = 10.0.40219.1
Project("{FAE04EC0-301F-11D3-BF4B-00C04F79EFBC}") = "LangtonAnt", "LangtonAnt\LangtonAnt.csproj", "{4F67FB0A-3798-410C-A1E3-B47D8A2618A9}"
EndProject
Global
	GlobalSection(SolutionConfigurationPlatforms) = preSolution
		Debug|Any CPU = Debug|Any CPU
		Release|Any CPU = Release|Any CPU
	EndGlobalSection
	GlobalSection(ProjectConfigurationPlatforms) = postSolution
		{4F67FB0A-3798-410C-A1E3-B47D8A2618A9}.Debug|Any CPU.ActiveCfg = Debug|Any CPU
		{4F67FB0A-3798-410C-A1E3-B47D8A2618A9}.Debug|Any CPU.Build.0 = Debug|Any CPU
		{4F67FB0A-3798-410C-A1E3-B47D8A2618A9}.Release|Any CPU.ActiveCfg = Release|Any CPU
		{4F67FB0A-3798-410C-A1E3-B47D8A2618A9}.Release|Any CPU.Build.0 = Release|Any CPU
	EndGlobalSection
	GlobalSection(SolutionProperties) = preSolution
		HideSolutionNode = FALSE
	EndGlobalSection
	GlobalSection(ExtensibilityGlobals) = postSolution
		SolutionGuid = {F4C62009-3A6C-40E5-85D6-8100A609A086}
	EndGlobalSection
EndGlobal
